// !$*UTF8*$!
{
	archiveVersion = 1;
	classes = {
	};
	objectVersion = 50;
	objects = {

/* Begin PBXBuildFile section */
		A1F8BAF8213F95440093DC79 /* AppDelegate.m in Sources */ = {isa = PBXBuildFile; fileRef = A1F8BAF7213F95440093DC79 /* AppDelegate.m */; };
		A1F8BAFB213F95440093DC79 /* ViewController.m in Sources */ = {isa = PBXBuildFile; fileRef = A1F8BAFA213F95440093DC79 /* ViewController.m */; };
		A1F8BAFE213F95440093DC79 /* Main.storyboard in Resources */ = {isa = PBXBuildFile; fileRef = A1F8BAFC213F95440093DC79 /* Main.storyboard */; };
		A1F8BB00213F95450093DC79 /* Assets.xcassets in Resources */ = {isa = PBXBuildFile; fileRef = A1F8BAFF213F95450093DC79 /* Assets.xcassets */; };
		A1F8BB03213F95450093DC79 /* LaunchScreen.storyboard in Resources */ = {isa = PBXBuildFile; fileRef = A1F8BB01213F95450093DC79 /* LaunchScreen.storyboard */; };
		A1F8BB06213F95450093DC79 /* main.m in Sources */ = {isa = PBXBuildFile; fileRef = A1F8BB05213F95450093DC79 /* main.m */; };
		A1F8BB10213F95450093DC79 /* LiaoYingKitTests.m in Sources */ = {isa = PBXBuildFile; fileRef = A1F8BB0F213F95450093DC79 /* LiaoYingKitTests.m */; };
		A1F8BB1B213F95450093DC79 /* LiaoYingKitUITests.m in Sources */ = {isa = PBXBuildFile; fileRef = A1F8BB1A213F95450093DC79 /* LiaoYingKitUITests.m */; };
/* End PBXBuildFile section */

/* Begin PBXContainerItemProxy section */
		A1F8BB0C213F95450093DC79 /* PBXContainerItemProxy */ = {
			isa = PBXContainerItemProxy;
			containerPortal = A1F8BAEB213F95440093DC79 /* Project object */;
			proxyType = 1;
			remoteGlobalIDString = A1F8BAF2213F95440093DC79;
			remoteInfo = LiaoYingKit;
		};
		A1F8BB17213F95450093DC79 /* PBXContainerItemProxy */ = {
			isa = PBXContainerItemProxy;
			containerPortal = A1F8BAEB213F95440093DC79 /* Project object */;
			proxyType = 1;
			remoteGlobalIDString = A1F8BAF2213F95440093DC79;
			remoteInfo = LiaoYingKit;
		};
/* End PBXContainerItemProxy section */

/* Begin PBXFileReference section */
		A1F8BAF3213F95440093DC79 /* LiaoYingKit.app */ = {isa = PBXFileReference; explicitFileType = wrapper.application; includeInIndex = 0; path = LiaoYingKit.app; sourceTree = BUILT_PRODUCTS_DIR; };
		A1F8BAF6213F95440093DC79 /* AppDelegate.h */ = {isa = PBXFileReference; lastKnownFileType = sourcecode.c.h; path = AppDelegate.h; sourceTree = "<group>"; };
		A1F8BAF7213F95440093DC79 /* AppDelegate.m */ = {isa = PBXFileReference; lastKnownFileType = sourcecode.c.objc; path = AppDelegate.m; sourceTree = "<group>"; };
		A1F8BAF9213F95440093DC79 /* ViewController.h */ = {isa = PBXFileReference; lastKnownFileType = sourcecode.c.h; path = ViewController.h; sourceTree = "<group>"; };
		A1F8BAFA213F95440093DC79 /* ViewController.m */ = {isa = PBXFileReference; lastKnownFileType = sourcecode.c.objc; path = ViewController.m; sourceTree = "<group>"; };
		A1F8BAFD213F95440093DC79 /* Base */ = {isa = PBXFileReference; lastKnownFileType = file.storyboard; name = Base; path = Base.lproj/Main.storyboard; sourceTree = "<group>"; };
		A1F8BAFF213F95450093DC79 /* Assets.xcassets */ = {isa = PBXFileReference; lastKnownFileType = folder.assetcatalog; path = Assets.xcassets; sourceTree = "<group>"; };
		A1F8BB02213F95450093DC79 /* Base */ = {isa = PBXFileReference; lastKnownFileType = file.storyboard; name = Base; path = Base.lproj/LaunchScreen.storyboard; sourceTree = "<group>"; };
		A1F8BB04213F95450093DC79 /* Info.plist */ = {isa = PBXFileReference; lastKnownFileType = text.plist.xml; path = Info.plist; sourceTree = "<group>"; };
		A1F8BB05213F95450093DC79 /* main.m */ = {isa = PBXFileReference; lastKnownFileType = sourcecode.c.objc; path = main.m; sourceTree = "<group>"; };
		A1F8BB0B213F95450093DC79 /* LiaoYingKitTests.xctest */ = {isa = PBXFileReference; explicitFileType = wrapper.cfbundle; includeInIndex = 0; path = LiaoYingKitTests.xctest; sourceTree = BUILT_PRODUCTS_DIR; };
		A1F8BB0F213F95450093DC79 /* LiaoYingKitTests.m */ = {isa = PBXFileReference; lastKnownFileType = sourcecode.c.objc; path = LiaoYingKitTests.m; sourceTree = "<group>"; };
		A1F8BB11213F95450093DC79 /* Info.plist */ = {isa = PBXFileReference; lastKnownFileType = text.plist.xml; path = Info.plist; sourceTree = "<group>"; };
		A1F8BB16213F95450093DC79 /* LiaoYingKitUITests.xctest */ = {isa = PBXFileReference; explicitFileType = wrapper.cfbundle; includeInIndex = 0; path = LiaoYingKitUITests.xctest; sourceTree = BUILT_PRODUCTS_DIR; };
		A1F8BB1A213F95450093DC79 /* LiaoYingKitUITests.m */ = {isa = PBXFileReference; lastKnownFileType = sourcecode.c.objc; path = LiaoYingKitUITests.m; sourceTree = "<group>"; };
		A1F8BB1C213F95450093DC79 /* Info.plist */ = {isa = PBXFileReference; lastKnownFileType = text.plist.xml; path = Info.plist; sourceTree = "<group>"; };
/* End PBXFileReference section */

/* Begin PBXFrameworksBuildPhase section */
		A1F8BAF0213F95440093DC79 /* Frameworks */ = {
			isa = PBXFrameworksBuildPhase;
			buildActionMask = 2147483647;
			files = (
			);
			runOnlyForDeploymentPostprocessing = 0;
		};
		A1F8BB08213F95450093DC79 /* Frameworks */ = {
			isa = PBXFrameworksBuildPhase;
			buildActionMask = 2147483647;
			files = (
			);
			runOnlyForDeploymentPostprocessing = 0;
		};
		A1F8BB13213F95450093DC79 /* Frameworks */ = {
			isa = PBXFrameworksBuildPhase;
			buildActionMask = 2147483647;
			files = (
			);
			runOnlyForDeploymentPostprocessing = 0;
		};
/* End PBXFrameworksBuildPhase section */

/* Begin PBXGroup section */
		A1F8BAEA213F95440093DC79 = {
			isa = PBXGroup;
			children = (
				A1F8BAF5213F95440093DC79 /* LiaoYingKit */,
				A1F8BB0E213F95450093DC79 /* LiaoYingKitTests */,
				A1F8BB19213F95450093DC79 /* LiaoYingKitUITests */,
				A1F8BAF4213F95440093DC79 /* Products */,
			);
			sourceTree = "<group>";
		};
		A1F8BAF4213F95440093DC79 /* Products */ = {
			isa = PBXGroup;
			children = (
				A1F8BAF3213F95440093DC79 /* LiaoYingKit.app */,
				A1F8BB0B213F95450093DC79 /* LiaoYingKitTests.xctest */,
				A1F8BB16213F95450093DC79 /* LiaoYingKitUITests.xctest */,
			);
			name = Products;
			sourceTree = "<group>";
		};
		A1F8BAF5213F95440093DC79 /* LiaoYingKit */ = {
			isa = PBXGroup;
			children = (
				A1F8BAF6213F95440093DC79 /* AppDelegate.h */,
				A1F8BAF7213F95440093DC79 /* AppDelegate.m */,
				A1F8BAF9213F95440093DC79 /* ViewController.h */,
				A1F8BAFA213F95440093DC79 /* ViewController.m */,
				A1F8BAFC213F95440093DC79 /* Main.storyboard */,
				A1F8BAFF213F95450093DC79 /* Assets.xcassets */,
				A1F8BB01213F95450093DC79 /* LaunchScreen.storyboard */,
				A1F8BB04213F95450093DC79 /* Info.plist */,
				A1F8BB05213F95450093DC79 /* main.m */,
			);
			path = LiaoYingKit;
			sourceTree = "<group>";
		};
		A1F8BB0E213F95450093DC79 /* LiaoYingKitTests */ = {
			isa = PBXGroup;
			children = (
				A1F8BB0F213F95450093DC79 /* LiaoYingKitTests.m */,
				A1F8BB11213F95450093DC79 /* Info.plist */,
			);
			path = LiaoYingKitTests;
			sourceTree = "<group>";
		};
		A1F8BB19213F95450093DC79 /* LiaoYingKitUITests */ = {
			isa = PBXGroup;
			children = (
				A1F8BB1A213F95450093DC79 /* LiaoYingKitUITests.m */,
				A1F8BB1C213F95450093DC79 /* Info.plist */,
			);
			path = LiaoYingKitUITests;
			sourceTree = "<group>";
		};
/* End PBXGroup section */

/* Begin PBXNativeTarget section */
		A1F8BAF2213F95440093DC79 /* LiaoYingKit */ = {
			isa = PBXNativeTarget;
			buildConfigurationList = A1F8BB1F213F95450093DC79 /* Build configuration list for PBXNativeTarget "LiaoYingKit" */;
			buildPhases = (
				A1F8BAEF213F95440093DC79 /* Sources */,
				A1F8BAF0213F95440093DC79 /* Frameworks */,
				A1F8BAF1213F95440093DC79 /* Resources */,
			);
			buildRules = (
			);
			dependencies = (
			);
			name = LiaoYingKit;
			productName = LiaoYingKit;
			productReference = A1F8BAF3213F95440093DC79 /* LiaoYingKit.app */;
			productType = "com.apple.product-type.application";
		};
		A1F8BB0A213F95450093DC79 /* LiaoYingKitTests */ = {
			isa = PBXNativeTarget;
			buildConfigurationList = A1F8BB22213F95450093DC79 /* Build configuration list for PBXNativeTarget "LiaoYingKitTests" */;
			buildPhases = (
				A1F8BB07213F95450093DC79 /* Sources */,
				A1F8BB08213F95450093DC79 /* Frameworks */,
				A1F8BB09213F95450093DC79 /* Resources */,
			);
			buildRules = (
			);
			dependencies = (
				A1F8BB0D213F95450093DC79 /* PBXTargetDependency */,
			);
			name = LiaoYingKitTests;
			productName = LiaoYingKitTests;
			productReference = A1F8BB0B213F95450093DC79 /* LiaoYingKitTests.xctest */;
			productType = "com.apple.product-type.bundle.unit-test";
		};
		A1F8BB15213F95450093DC79 /* LiaoYingKitUITests */ = {
			isa = PBXNativeTarget;
			buildConfigurationList = A1F8BB25213F95450093DC79 /* Build configuration list for PBXNativeTarget "LiaoYingKitUITests" */;
			buildPhases = (
				A1F8BB12213F95450093DC79 /* Sources */,
				A1F8BB13213F95450093DC79 /* Frameworks */,
				A1F8BB14213F95450093DC79 /* Resources */,
			);
			buildRules = (
			);
			dependencies = (
				A1F8BB18213F95450093DC79 /* PBXTargetDependency */,
			);
			name = LiaoYingKitUITests;
			productName = LiaoYingKitUITests;
			productReference = A1F8BB16213F95450093DC79 /* LiaoYingKitUITests.xctest */;
			productType = "com.apple.product-type.bundle.ui-testing";
		};
/* End PBXNativeTarget section */

/* Begin PBXProject section */
		A1F8BAEB213F95440093DC79 /* Project object */ = {
			isa = PBXProject;
			attributes = {
				LastUpgradeCheck = 0940;
				ORGANIZATIONNAME = "韩琴";
				TargetAttributes = {
					A1F8BAF2213F95440093DC79 = {
						CreatedOnToolsVersion = 9.4.1;
					};
					A1F8BB0A213F95450093DC79 = {
						CreatedOnToolsVersion = 9.4.1;
						TestTargetID = A1F8BAF2213F95440093DC79;
					};
					A1F8BB15213F95450093DC79 = {
						CreatedOnToolsVersion = 9.4.1;
						TestTargetID = A1F8BAF2213F95440093DC79;
					};
				};
			};
			buildConfigurationList = A1F8BAEE213F95440093DC79 /* Build configuration list for PBXProject "LiaoYingKit" */;
			compatibilityVersion = "Xcode 9.3";
			developmentRegion = en;
			hasScannedForEncodings = 0;
			knownRegions = (
				en,
				Base,
			);
			mainGroup = A1F8BAEA213F95440093DC79;
			productRefGroup = A1F8BAF4213F95440093DC79 /* Products */;
			projectDirPath = "";
			projectRoot = "";
			targets = (
				A1F8BAF2213F95440093DC79 /* LiaoYingKit */,
				A1F8BB0A213F95450093DC79 /* LiaoYingKitTests */,
				A1F8BB15213F95450093DC79 /* LiaoYingKitUITests */,
			);
		};
/* End PBXProject section */

/* Begin PBXResourcesBuildPhase section */
		A1F8BAF1213F95440093DC79 /* Resources */ = {
			isa = PBXResourcesBuildPhase;
			buildActionMask = 2147483647;
			files = (
				A1F8BB03213F95450093DC79 /* LaunchScreen.storyboard in Resources */,
				A1F8BB00213F95450093DC79 /* Assets.xcassets in Resources */,
				A1F8BAFE213F95440093DC79 /* Main.storyboard in Resources */,
			);
			runOnlyForDeploymentPostprocessing = 0;
		};
		A1F8BB09213F95450093DC79 /* Resources */ = {
			isa = PBXResourcesBuildPhase;
			buildActionMask = 2147483647;
			files = (
			);
			runOnlyForDeploymentPostprocessing = 0;
		};
		A1F8BB14213F95450093DC79 /* Resources */ = {
			isa = PBXResourcesBuildPhase;
			buildActionMask = 2147483647;
			files = (
			);
			runOnlyForDeploymentPostprocessing = 0;
		};
/* End PBXResourcesBuildPhase section */

/* Begin PBXSourcesBuildPhase section */
		A1F8BAEF213F95440093DC79 /* Sources */ = {
			isa = PBXSourcesBuildPhase;
			buildActionMask = 2147483647;
			files = (
				A1F8BAFB213F95440093DC79 /* ViewController.m in Sources */,
				A1F8BB06213F95450093DC79 /* main.m in Sources */,
				A1F8BAF8213F95440093DC79 /* AppDelegate.m in Sources */,
			);
			runOnlyForDeploymentPostprocessing = 0;
		};
		A1F8BB07213F95450093DC79 /* Sources */ = {
			isa = PBXSourcesBuildPhase;
			buildActionMask = 2147483647;
			files = (
				A1F8BB10213F95450093DC79 /* LiaoYingKitTests.m in Sources */,
			);
			runOnlyForDeploymentPostprocessing = 0;
		};
		A1F8BB12213F95450093DC79 /* Sources */ = {
			isa = PBXSourcesBuildPhase;
			buildActionMask = 2147483647;
			files = (
				A1F8BB1B213F95450093DC79 /* LiaoYingKitUITests.m in Sources */,
			);
			runOnlyForDeploymentPostprocessing = 0;
		};
/* End PBXSourcesBuildPhase section */

/* Begin PBXTargetDependency section */
		A1F8BB0D213F95450093DC79 /* PBXTargetDependency */ = {
			isa = PBXTargetDependency;
			target = A1F8BAF2213F95440093DC79 /* LiaoYingKit */;
			targetProxy = A1F8BB0C213F95450093DC79 /* PBXContainerItemProxy */;
		};
		A1F8BB18213F95450093DC79 /* PBXTargetDependency */ = {
			isa = PBXTargetDependency;
			target = A1F8BAF2213F95440093DC79 /* LiaoYingKit */;
			targetProxy = A1F8BB17213F95450093DC79 /* PBXContainerItemProxy */;
		};
/* End PBXTargetDependency section */

/* Begin PBXVariantGroup section */
		A1F8BAFC213F95440093DC79 /* Main.storyboard */ = {
			isa = PBXVariantGroup;
			children = (
				A1F8BAFD213F95440093DC79 /* Base */,
			);
			name = Main.storyboard;
			sourceTree = "<group>";
		};
		A1F8BB01213F95450093DC79 /* LaunchScreen.storyboard */ = {
			isa = PBXVariantGroup;
			children = (
				A1F8BB02213F95450093DC79 /* Base */,
			);
			name = LaunchScreen.storyboard;
			sourceTree = "<group>";
		};
/* End PBXVariantGroup section */

/* Begin XCBuildConfiguration section */
		A1F8BB1D213F95450093DC79 /* Debug */ = {
			isa = XCBuildConfiguration;
			buildSettings = {
				ALWAYS_SEARCH_USER_PATHS = NO;
				CLANG_ANALYZER_NONNULL = YES;
				CLANG_ANALYZER_NUMBER_OBJECT_CONVERSION = YES_AGGRESSIVE;
				CLANG_CXX_LANGUAGE_STANDARD = "gnu++14";
				CLANG_CXX_LIBRARY = "libc++";
				CLANG_ENABLE_MODULES = YES;
				CLANG_ENABLE_OBJC_ARC = YES;
				CLANG_ENABLE_OBJC_WEAK = YES;
				CLANG_WARN_BLOCK_CAPTURE_AUTORELEASING = YES;
				CLANG_WARN_BOOL_CONVERSION = YES;
				CLANG_WARN_COMMA = YES;
				CLANG_WARN_CONSTANT_CONVERSION = YES;
				CLANG_WARN_DEPRECATED_OBJC_IMPLEMENTATIONS = YES;
				CLANG_WARN_DIRECT_OBJC_ISA_USAGE = YES_ERROR;
				CLANG_WARN_DOCUMENTATION_COMMENTS = YES;
				CLANG_WARN_EMPTY_BODY = YES;
				CLANG_WARN_ENUM_CONVERSION = YES;
				CLANG_WARN_INFINITE_RECURSION = YES;
				CLANG_WARN_INT_CONVERSION = YES;
				CLANG_WARN_NON_LITERAL_NULL_CONVERSION = YES;
				CLANG_WARN_OBJC_IMPLICIT_RETAIN_SELF = YES;
				CLANG_WARN_OBJC_LITERAL_CONVERSION = YES;
				CLANG_WARN_OBJC_ROOT_CLASS = YES_ERROR;
				CLANG_WARN_RANGE_LOOP_ANALYSIS = YES;
				CLANG_WARN_STRICT_PROTOTYPES = YES;
				CLANG_WARN_SUSPICIOUS_MOVE = YES;
				CLANG_WARN_UNGUARDED_AVAILABILITY = YES_AGGRESSIVE;
				CLANG_WARN_UNREACHABLE_CODE = YES;
				CLANG_WARN__DUPLICATE_METHOD_MATCH = YES;
				CODE_SIGN_IDENTITY = "iPhone Developer";
				COPY_PHASE_STRIP = NO;
				DEBUG_INFORMATION_FORMAT = dwarf;
				ENABLE_STRICT_OBJC_MSGSEND = YES;
				ENABLE_TESTABILITY = YES;
				GCC_C_LANGUAGE_STANDARD = gnu11;
				GCC_DYNAMIC_NO_PIC = NO;
				GCC_NO_COMMON_BLOCKS = YES;
				GCC_OPTIMIZATION_LEVEL = 0;
				GCC_PREPROCESSOR_DEFINITIONS = (
					"DEBUG=1",
					"$(inherited)",
				);
				GCC_WARN_64_TO_32_BIT_CONVERSION = YES;
				GCC_WARN_ABOUT_RETURN_TYPE = YES_ERROR;
				GCC_WARN_UNDECLARED_SELECTOR = YES;
				GCC_WARN_UNINITIALIZED_AUTOS = YES_AGGRESSIVE;
				GCC_WARN_UNUSED_FUNCTION = YES;
				GCC_WARN_UNUSED_VARIABLE = YES;
				IPHONEOS_DEPLOYMENT_TARGET = 11.4;
				MTL_ENABLE_DEBUG_INFO = YES;
				ONLY_ACTIVE_ARCH = YES;
				SDKROOT = iphoneos;
			};
			name = Debug;
		};
		A1F8BB1E213F95450093DC79 /* Release */ = {
			isa = XCBuildConfiguration;
			buildSettings = {
				ALWAYS_SEARCH_USER_PATHS = NO;
				CLANG_ANALYZER_NONNULL = YES;
				CLANG_ANALYZER_NUMBER_OBJECT_CONVERSION = YES_AGGRESSIVE;
				CLANG_CXX_LANGUAGE_STANDARD = "gnu++14";
				CLANG_CXX_LIBRARY = "libc++";
				CLANG_ENABLE_MODULES = YES;
				CLANG_ENABLE_OBJC_ARC = YES;
				CLANG_ENABLE_OBJC_WEAK = YES;
				CLANG_WARN_BLOCK_CAPTURE_AUTORELEASING = YES;
				CLANG_WARN_BOOL_CONVERSION = YES;
				CLANG_WARN_COMMA = YES;
				CLANG_WARN_CONSTANT_CONVERSION = YES;
				CLANG_WARN_DEPRECATED_OBJC_IMPLEMENTATIONS = YES;
				CLANG_WARN_DIRECT_OBJC_ISA_USAGE = YES_ERROR;
				CLANG_WARN_DOCUMENTATION_COMMENTS = YES;
				CLANG_WARN_EMPTY_BODY = YES;
				CLANG_WARN_ENUM_CONVERSION = YES;
				CLANG_WARN_INFINITE_RECURSION = YES;
				CLANG_WARN_INT_CONVERSION = YES;
				CLANG_WARN_NON_LITERAL_NULL_CONVERSION = YES;
				CLANG_WARN_OBJC_IMPLICIT_RETAIN_SELF = YES;
				CLANG_WARN_OBJC_LITERAL_CONVERSION = YES;
				CLANG_WARN_OBJC_ROOT_CLASS = YES_ERROR;
				CLANG_WARN_RANGE_LOOP_ANALYSIS = YES;
				CLANG_WARN_STRICT_PROTOTYPES = YES;
				CLANG_WARN_SUSPICIOUS_MOVE = YES;
				CLANG_WARN_UNGUARDED_AVAILABILITY = YES_AGGRESSIVE;
				CLANG_WARN_UNREACHABLE_CODE = YES;
				CLANG_WARN__DUPLICATE_METHOD_MATCH = YES;
				CODE_SIGN_IDENTITY = "iPhone Developer";
				COPY_PHASE_STRIP = NO;
				DEBUG_INFORMATION_FORMAT = "dwarf-with-dsym";
				ENABLE_NS_ASSERTIONS = NO;
				ENABLE_STRICT_OBJC_MSGSEND = YES;
				GCC_C_LANGUAGE_STANDARD = gnu11;
				GCC_NO_COMMON_BLOCKS = YES;
				GCC_WARN_64_TO_32_BIT_CONVERSION = YES;
				GCC_WARN_ABOUT_RETURN_TYPE = YES_ERROR;
				GCC_WARN_UNDECLARED_SELECTOR = YES;
				GCC_WARN_UNINITIALIZED_AUTOS = YES_AGGRESSIVE;
				GCC_WARN_UNUSED_FUNCTION = YES;
				GCC_WARN_UNUSED_VARIABLE = YES;
				IPHONEOS_DEPLOYMENT_TARGET = 11.4;
				MTL_ENABLE_DEBUG_INFO = NO;
				SDKROOT = iphoneos;
				VALIDATE_PRODUCT = YES;
			};
			name = Release;
		};
		A1F8BB20213F95450093DC79 /* Debug */ = {
			isa = XCBuildConfiguration;
			buildSettings = {
				ASSETCATALOG_COMPILER_APPICON_NAME = AppIcon;
				CODE_SIGN_STYLE = Automatic;
				DEVELOPMENT_TEAM = URMVH9TU57;
				INFOPLIST_FILE = LiaoYingKit/Info.plist;
				LD_RUNPATH_SEARCH_PATHS = (
					"$(inherited)",
					"@executable_path/Frameworks",
				);
				PRODUCT_BUNDLE_IDENTIFIER = www.ly.LiaoYingKit;
				PRODUCT_NAME = "$(TARGET_NAME)";
				TARGETED_DEVICE_FAMILY = "1,2";
			};
			name = Debug;
		};
		A1F8BB21213F95450093DC79 /* Release */ = {
			isa = XCBuildConfiguration;
			buildSettings = {
				ASSETCATALOG_COMPILER_APPICON_NAME = AppIcon;
				CODE_SIGN_STYLE = Automatic;
				DEVELOPMENT_TEAM = URMVH9TU57;
				INFOPLIST_FILE = LiaoYingKit/Info.plist;
				LD_RUNPATH_SEARCH_PATHS = (
					"$(inherited)",
					"@executable_path/Frameworks",
				);
				PRODUCT_BUNDLE_IDENTIFIER = www.ly.LiaoYingKit;
				PRODUCT_NAME = "$(TARGET_NAME)";
				TARGETED_DEVICE_FAMILY = "1,2";
			};
			name = Release;
		};
		A1F8BB23213F95450093DC79 /* Debug */ = {
			isa = XCBuildConfiguration;
			buildSettings = {
				BUNDLE_LOADER = "$(TEST_HOST)";
				CODE_SIGN_STYLE = Automatic;
				DEVELOPMENT_TEAM = URMVH9TU57;
				INFOPLIST_FILE = LiaoYingKitTests/Info.plist;
				LD_RUNPATH_SEARCH_PATHS = (
					"$(inherited)",
					"@executable_path/Frameworks",
					"@loader_path/Frameworks",
				);
				PRODUCT_BUNDLE_IDENTIFIER = www.ly.LiaoYingKitTests;
				PRODUCT_NAME = "$(TARGET_NAME)";
				TARGETED_DEVICE_FAMILY = "1,2";
				TEST_HOST = "$(BUILT_PRODUCTS_DIR)/LiaoYingKit.app/LiaoYingKit";
			};
			name = Debug;
		};
		A1F8BB24213F95450093DC79 /* Release */ = {
			isa = XCBuildConfiguration;
			buildSettings = {
				BUNDLE_LOADER = "$(TEST_HOST)";
				CODE_SIGN_STYLE = Automatic;
				DEVELOPMENT_TEAM = URMVH9TU57;
				INFOPLIST_FILE = LiaoYingKitTests/Info.plist;
				LD_RUNPATH_SEARCH_PATHS = (
					"$(inherited)",
					"@executable_path/Frameworks",
					"@loader_path/Frameworks",
				);
				PRODUCT_BUNDLE_IDENTIFIER = www.ly.LiaoYingKitTests;
				PRODUCT_NAME = "$(TARGET_NAME)";
				TARGETED_DEVICE_FAMILY = "1,2";
				TEST_HOST = "$(BUILT_PRODUCTS_DIR)/LiaoYingKit.app/LiaoYingKit";
			};
			name = Release;
		};
		A1F8BB26213F95450093DC79 /* Debug */ = {
			isa = XCBuildConfiguration;
			buildSettings = {
				CODE_SIGN_STYLE = Automatic;
				DEVELOPMENT_TEAM = URMVH9TU57;
				INFOPLIST_FILE = LiaoYingKitUITests/Info.plist;
				LD_RUNPATH_SEARCH_PATHS = (
					"$(inherited)",
					"@executable_path/Frameworks",
					"@loader_path/Frameworks",
				);
				PRODUCT_BUNDLE_IDENTIFIER = www.ly.LiaoYingKitUITests;
				PRODUCT_NAME = "$(TARGET_NAME)";
				TARGETED_DEVICE_FAMILY = "1,2";
				TEST_TARGET_NAME = LiaoYingKit;
			};
			name = Debug;
		};
		A1F8BB27213F95450093DC79 /* Release */ = {
			isa = XCBuildConfiguration;
			buildSettings = {
				CODE_SIGN_STYLE = Automatic;
				DEVELOPMENT_TEAM = URMVH9TU57;
				INFOPLIST_FILE = LiaoYingKitUITests/Info.plist;
				LD_RUNPATH_SEARCH_PATHS = (
					"$(inherited)",
					"@executable_path/Frameworks",
					"@loader_path/Frameworks",
				);
				PRODUCT_BUNDLE_IDENTIFIER = www.ly.LiaoYingKitUITests;
				PRODUCT_NAME = "$(TARGET_NAME)";
				TARGETED_DEVICE_FAMILY = "1,2";
				TEST_TARGET_NAME = LiaoYingKit;
			};
			name = Release;
		};
/* End XCBuildConfiguration section */

/* Begin XCConfigurationList section */
		A1F8BAEE213F95440093DC79 /* Build configuration list for PBXProject "LiaoYingKit" */ = {
			isa = XCConfigurationList;
			buildConfigurations = (
				A1F8BB1D213F95450093DC79 /* Debug */,
				A1F8BB1E213F95450093DC79 /* Release */,
			);
			defaultConfigurationIsVisible = 0;
			defaultConfigurationName = Release;
		};
		A1F8BB1F213F95450093DC79 /* Build configuration list for PBXNativeTarget "LiaoYingKit" */ = {
			isa = XCConfigurationList;
			buildConfigurations = (
				A1F8BB20213F95450093DC79 /* Debug */,
				A1F8BB21213F95450093DC79 /* Release */,
			);
			defaultConfigurationIsVisible = 0;
			defaultConfigurationName = Release;
		};
		A1F8BB22213F95450093DC79 /* Build configuration list for PBXNativeTarget "LiaoYingKitTests" */ = {
			isa = XCConfigurationList;
			buildConfigurations = (
				A1F8BB23213F95450093DC79 /* Debug */,
				A1F8BB24213F95450093DC79 /* Release */,
			);
			defaultConfigurationIsVisible = 0;
			defaultConfigurationName = Release;
		};
		A1F8BB25213F95450093DC79 /* Build configuration list for PBXNativeTarget "LiaoYingKitUITests" */ = {
			isa = XCConfigurationList;
			buildConfigurations = (
				A1F8BB26213F95450093DC79 /* Debug */,
				A1F8BB27213F95450093DC79 /* Release */,
			);
			defaultConfigurationIsVisible = 0;
			defaultConfigurationName = Release;
		};
/* End XCConfigurationList section */
	};
	rootObject = A1F8BAEB213F95440093DC79 /* Project object */;
}
